
Microsoft Visual Studio Solution File, Format Version 12.00
# Visual Studio Version 17
VisualStudioVersion = 17.0.31903.59
MinimumVisualStudioVersion = 10.0.40219.1
Project("{FAE04EC0-301F-11D3-BF4B-00C04F79EFBC}") = "Ollama.Interactive", "src/Ollama.Interactive\Ollama.Interactive.csproj", "{3BBA1F4F-92DB-647B-784E-0ED01119A276}"
EndProject
Project("{FAE04EC0-301F-11D3-BF4B-00C04F79EFBC}") = "Ollama.Interactive.Tests", "src/Ollama.Interactive.Tests\Ollama.Interactive.Tests.csproj", "{A9C9BDC9-032B-4EAA-8101-691678B8A3DE}"
EndProject
Global
	GlobalSection(SolutionConfigurationPlatforms) = preSolution
		Debug|Any CPU = Debug|Any CPU
		Release|Any CPU = Release|Any CPU
	EndGlobalSection
	GlobalSection(ProjectConfigurationPlatforms) = postSolution
		{3BBA1F4F-92DB-647B-784E-0ED01119A276}.Debug|Any CPU.ActiveCfg = Debug|Any CPU
		{3BBA1F4F-92DB-647B-784E-0ED01119A276}.Debug|Any CPU.Build.0 = Debug|Any CPU
		{3BBA1F4F-92DB-647B-784E-0ED01119A276}.Release|Any CPU.ActiveCfg = Release|Any CPU
		{3BBA1F4F-92DB-647B-784E-0ED01119A276}.Release|Any CPU.Build.0 = Release|Any CPU
		{A9C9BDC9-032B-4EAA-8101-691678B8A3DE}.Debug|Any CPU.ActiveCfg = Debug|Any CPU
		{A9C9BDC9-032B-4EAA-8101-691678B8A3DE}.Debug|Any CPU.Build.0 = Debug|Any CPU
		{A9C9BDC9-032B-4EAA-8101-691678B8A3DE}.Release|Any CPU.ActiveCfg = Release|Any CPU
		{A9C9BDC9-032B-4EAA-8101-691678B8A3DE}.Release|Any CPU.Build.0 = Release|Any CPU
	EndGlobalSection
	GlobalSection(SolutionProperties) = preSolution
		HideSolutionNode = FALSE
	EndGlobalSection
EndGlobal
