
Microsoft Visual Studio Solution File, Format Version 12.00
# Visual Studio Version 17
VisualStudioVersion = 17.2.32222.421
MinimumVisualStudioVersion = 10.0.40219.1
Project("{2150E333-8FDC-42A3-9474-1A3956D46DE8}") = "src", "src", "{907BCDB9-506D-428D-9795-882C437413EB}"
EndProject
Project("{9A19103F-16F7-4668-BE54-9A1E7A4F7556}") = "HttpKernel", "src\HttpKernel\HttpKernel.csproj", "{943102A6-10FE-4BF4-ADCA-A8462EF60B25}"
EndProject
Project("{9A19103F-16F7-4668-BE54-9A1E7A4F7556}") = "TestUtilities", "src\TestUtilities\TestUtilities.csproj", "{3B59769B-B91D-4669-B8B4-5D461171E476}"
EndProject
Project("{2150E333-8FDC-42A3-9474-1A3956D46DE8}") = "tests", "tests", "{6D16286E-036F-46C8-B305-2E275C4DDA18}"
EndProject
Project("{FAE04EC0-301F-11D3-BF4B-00C04F79EFBC}") = "HttpKernel.Tests", "HttpKernel.Tests\HttpKernel.Tests.csproj", "{8BCD8C01-27DC-489A-9C90-CD624CC30F14}"
EndProject
Global
	GlobalSection(SolutionConfigurationPlatforms) = preSolution
		Debug|Any CPU = Debug|Any CPU
		Release|Any CPU = Release|Any CPU
	EndGlobalSection
	GlobalSection(ProjectConfigurationPlatforms) = postSolution
		{943102A6-10FE-4BF4-ADCA-A8462EF60B25}.Debug|Any CPU.ActiveCfg = Debug|Any CPU
		{943102A6-10FE-4BF4-ADCA-A8462EF60B25}.Debug|Any CPU.Build.0 = Debug|Any CPU
		{943102A6-10FE-4BF4-ADCA-A8462EF60B25}.Release|Any CPU.ActiveCfg = Release|Any CPU
		{943102A6-10FE-4BF4-ADCA-A8462EF60B25}.Release|Any CPU.Build.0 = Release|Any CPU
		{3B59769B-B91D-4669-B8B4-5D461171E476}.Debug|Any CPU.ActiveCfg = Debug|Any CPU
		{3B59769B-B91D-4669-B8B4-5D461171E476}.Debug|Any CPU.Build.0 = Debug|Any CPU
		{3B59769B-B91D-4669-B8B4-5D461171E476}.Release|Any CPU.ActiveCfg = Release|Any CPU
		{3B59769B-B91D-4669-B8B4-5D461171E476}.Release|Any CPU.Build.0 = Release|Any CPU
		{8BCD8C01-27DC-489A-9C90-CD624CC30F14}.Debug|Any CPU.ActiveCfg = Debug|Any CPU
		{8BCD8C01-27DC-489A-9C90-CD624CC30F14}.Debug|Any CPU.Build.0 = Debug|Any CPU
		{8BCD8C01-27DC-489A-9C90-CD624CC30F14}.Release|Any CPU.ActiveCfg = Release|Any CPU
		{8BCD8C01-27DC-489A-9C90-CD624CC30F14}.Release|Any CPU.Build.0 = Release|Any CPU
	EndGlobalSection
	GlobalSection(SolutionProperties) = preSolution
		HideSolutionNode = FALSE
	EndGlobalSection
	GlobalSection(NestedProjects) = preSolution
		{943102A6-10FE-4BF4-ADCA-A8462EF60B25} = {907BCDB9-506D-428D-9795-882C437413EB}
		{3B59769B-B91D-4669-B8B4-5D461171E476} = {6D16286E-036F-46C8-B305-2E275C4DDA18}
		{8BCD8C01-27DC-489A-9C90-CD624CC30F14} = {6D16286E-036F-46C8-B305-2E275C4DDA18}
	EndGlobalSection
	GlobalSection(ExtensibilityGlobals) = postSolution
		SolutionGuid = {ED685E97-1EAF-41EC-925D-9D6F4F1CBF0A}
	EndGlobalSection
EndGlobal
